{
  "name": "moment-billing",
  "lockfileVersion": 3,
  "requires": true,
  "packages": {
    "": {
      "name": "moment-billing",
      "dependencies": {
        "moment": "^2.30.1",
        "moment-timezone": "^0.6.0"
      }
    },
    "node_modules/moment": {
      "version": "2.31.0",
      "resolved": "https://registry.npmjs.org/moment/-/moment-2.31.0.tgz",
      "integrity": "sha512-0acOTfMiWOheYS4eoWb80yYMb/JLvVv9SHbs2PehaDzfUG0Bw855SKyk0IKTnPGa5+U2bmi3W68l1+sGLX/pvw==",
      "license": "MIT",
      "engines": {
        "node": "*"
      }
    },
    "node_modules/moment-timezone": {
      "version": "0.6.4",
      "resolved": "https://registry.npmjs.org/moment-timezone/-/moment-timezone-0.6.4.tgz",
      "integrity": "sha512-JHUK8Mgheach4uMQmIV/pIfrv0ubPiDCPPqc7Mi604je1UblP6Gbm+FfV+Oh88KP03rZqGCZG3t0wmpfdlDv+w==",
      "license": "MIT",
      "dependencies": {
        "moment": "^2.29.4"
      },
      "engines": {
        "node": "*"
      }
    }
  }
}
